// !$*UTF8*$!
{
	archiveVersion = 1;
	classes = {
	};
	objectVersion = 51;
	objects = {

/* Begin PBXBuildFile section */
		26FC454D2628918600FF4C43 /* AppDelegate.swift in Sources */ = {isa = PBXBuildFile; fileRef = 26FC454C2628918600FF4C43 /* AppDelegate.swift */; };
		26FC454F2628918600FF4C43 /* SceneDelegate.swift in Sources */ = {isa = PBXBuildFile; fileRef = 26FC454E2628918600FF4C43 /* SceneDelegate.swift */; };
		26FC45512628918600FF4C43 /* ViewController.swift in Sources */ = {isa = PBXBuildFile; fileRef = 26FC45502628918600FF4C43 /* ViewController.swift */; };
		26FC45542628918600FF4C43 /* Main.storyboard in Resources */ = {isa = PBXBuildFile; fileRef = 26FC45522628918600FF4C43 /* Main.storyboard */; };
		26FC45562628918900FF4C43 /* Assets.xcassets in Resources */ = {isa = PBXBuildFile; fileRef = 26FC45552628918900FF4C43 /* Assets.xcassets */; };
		26FC45592628918900FF4C43 /* LaunchScreen.storyboard in Resources */ = {isa = PBXBuildFile; fileRef = 26FC45572628918900FF4C43 /* LaunchScreen.storyboard */; };
		BF8719C744EB7ACE092DEB0F /* libPods-Chofy App.a in Frameworks */ = {isa = PBXBuildFile; fileRef = 16AF193FD5E573485BEA9743 /* libPods-Chofy App.a */; };
/* End PBXBuildFile section */

/* Begin PBXFileReference section */
		16AF193FD5E573485BEA9743 /* libPods-Chofy App.a */ = {isa = PBXFileReference; explicitFileType = archive.ar; includeInIndex = 0; path = "libPods-Chofy App.a"; sourceTree = BUILT_PRODUCTS_DIR; };
		174131D1583BAACD304C589B /* Pods-Chofy App.debug.xcconfig */ = {isa = PBXFileReference; includeInIndex = 1; lastKnownFileType = text.xcconfig; name = "Pods-Chofy App.debug.xcconfig"; path = "Target Support Files/Pods-Chofy App/Pods-Chofy App.debug.xcconfig"; sourceTree = "<group>"; };
		26FC45492628918600FF4C43 /* Chofy App.app */ = {isa = PBXFileReference; explicitFileType = wrapper.application; includeInIndex = 0; path = "Chofy App.app"; sourceTree = BUILT_PRODUCTS_DIR; };
		26FC454C2628918600FF4C43 /* AppDelegate.swift */ = {isa = PBXFileReference; lastKnownFileType = sourcecode.swift; path = AppDelegate.swift; sourceTree = "<group>"; };
		26FC454E2628918600FF4C43 /* SceneDelegate.swift */ = {isa = PBXFileReference; lastKnownFileType = sourcecode.swift; path = SceneDelegate.swift; sourceTree = "<group>"; };
		26FC45502628918600FF4C43 /* ViewController.swift */ = {isa = PBXFileReference; lastKnownFileType = sourcecode.swift; path = ViewController.swift; sourceTree = "<group>"; };
		26FC45532628918600FF4C43 /* Base */ = {isa = PBXFileReference; lastKnownFileType = file.storyboard; name = Base; path = Base.lproj/Main.storyboard; sourceTree = "<group>"; };
		26FC45552628918900FF4C43 /* Assets.xcassets */ = {isa = PBXFileReference; lastKnownFileType = folder.assetcatalog; path = Assets.xcassets; sourceTree = "<group>"; };
		26FC45582628918900FF4C43 /* Base */ = {isa = PBXFileReference; lastKnownFileType = file.storyboard; name = Base; path = Base.lproj/LaunchScreen.storyboard; sourceTree = "<group>"; };
		26FC455A2628918900FF4C43 /* Info.plist */ = {isa = PBXFileReference; lastKnownFileType = text.plist.xml; path = Info.plist; sourceTree = "<group>"; };
		691BAB587ECBCCCB077B4B0C /* Pods-Chofy App.release.xcconfig */ = {isa = PBXFileReference; includeInIndex = 1; lastKnownFileType = text.xcconfig; name = "Pods-Chofy App.release.xcconfig"; path = "Target Support Files/Pods-Chofy App/Pods-Chofy App.release.xcconfig"; sourceTree = "<group>"; };
/* End PBXFileReference section */

/* Begin PBXFrameworksBuildPhase section */
		26FC45462628918600FF4C43 /* Frameworks */ = {
			isa = PBXFrameworksBuildPhase;
			buildActionMask = 2147483647;
			files = (
				BF8719C744EB7ACE092DEB0F /* libPods-Chofy App.a in Frameworks */,
			);
			runOnlyForDeploymentPostprocessing = 0;
		};
/* End PBXFrameworksBuildPhase section */

/* Begin PBXGroup section */
		26FC45402628918600FF4C43 = {
			isa = PBXGroup;
			children = (
				26FC454B2628918600FF4C43 /* Chofy App */,
				26FC454A2628918600FF4C43 /* Products */,
				47C2B32D73733290665802A9 /* Pods */,
				2D32A5F9D25FEC019395B92E /* Frameworks */,
			);
			sourceTree = "<group>";
		};
		26FC454A2628918600FF4C43 /* Products */ = {
			isa = PBXGroup;
			children = (
				26FC45492628918600FF4C43 /* Chofy App.app */,
			);
			name = Products;
			sourceTree = "<group>";
		};
		26FC454B2628918600FF4C43 /* Chofy App */ = {
			isa = PBXGroup;
			children = (
				26FC454C2628918600FF4C43 /* AppDelegate.swift */,
				26FC454E2628918600FF4C43 /* SceneDelegate.swift */,
				26FC45502628918600FF4C43 /* ViewController.swift */,
				26FC45522628918600FF4C43 /* Main.storyboard */,
				26FC45552628918900FF4C43 /* Assets.xcassets */,
				26FC45572628918900FF4C43 /* LaunchScreen.storyboard */,
				26FC455A2628918900FF4C43 /* Info.plist */,
			);
			path = "Chofy App";
			sourceTree = "<group>";
		};
		2D32A5F9D25FEC019395B92E /* Frameworks */ = {
			isa = PBXGroup;
			children = (
				16AF193FD5E573485BEA9743 /* libPods-Chofy App.a */,
			);
			name = Frameworks;
			sourceTree = "<group>";
		};
		47C2B32D73733290665802A9 /* Pods */ = {
			isa = PBXGroup;
			children = (
				174131D1583BAACD304C589B /* Pods-Chofy App.debug.xcconfig */,
				691BAB587ECBCCCB077B4B0C /* Pods-Chofy App.release.xcconfig */,
			);
			path = Pods;
			sourceTree = "<group>";
		};
/* End PBXGroup section */

/* Begin PBXNativeTarget section */
		26FC45482628918600FF4C43 /* Chofy App */ = {
			isa = PBXNativeTarget;
			buildConfigurationList = 26FC455D2628918900FF4C43 /* Build configuration list for PBXNativeTarget "Chofy App" */;
			buildPhases = (
				7CA992E424681631C6BAF315 /* [CP] Check Pods Manifest.lock */,
				26FC45452628918600FF4C43 /* Sources */,
				26FC45462628918600FF4C43 /* Frameworks */,
				26FC45472628918600FF4C43 /* Resources */,
				E7774BD0D716948BFF8DBF05 /* [CP] Copy Pods Resources */,
			);
			buildRules = (
			);
			dependencies = (
			);
			name = "Chofy App";
			productName = "Chofy App";
			productReference = 26FC45492628918600FF4C43 /* Chofy App.app */;
			productType = "com.apple.product-type.application";
		};
/* End PBXNativeTarget section */

/* Begin PBXProject section */
		26FC45412628918600FF4C43 /* Project object */ = {
			isa = PBXProject;
			attributes = {
				LastSwiftUpdateCheck = 1240;
				LastUpgradeCheck = 1240;
				TargetAttributes = {
					26FC45482628918600FF4C43 = {
						CreatedOnToolsVersion = 12.4;
					};
				};
			};
			buildConfigurationList = 26FC45442628918600FF4C43 /* Build configuration list for PBXProject "Chofy App" */;
			compatibilityVersion = "Xcode 9.3";
			developmentRegion = en;
			hasScannedForEncodings = 0;
			knownRegions = (
				en,
				Base,
			);
			mainGroup = 26FC45402628918600FF4C43;
			productRefGroup = 26FC454A2628918600FF4C43 /* Products */;
			projectDirPath = "";
			projectRoot = "";
			targets = (
				26FC45482628918600FF4C43 /* Chofy App */,
			);
		};
/* End PBXProject section */

/* Begin PBXResourcesBuildPhase section */
		26FC45472628918600FF4C43 /* Resources */ = {
			isa = PBXResourcesBuildPhase;
			buildActionMask = 2147483647;
			files = (
				26FC45592628918900FF4C43 /* LaunchScreen.storyboard in Resources */,
				26FC45562628918900FF4C43 /* Assets.xcassets in Resources */,
				26FC45542628918600FF4C43 /* Main.storyboard in Resources */,
			);
			runOnlyForDeploymentPostprocessing = 0;
		};
/* End PBXResourcesBuildPhase section */

/* Begin PBXShellScriptBuildPhase section */
		7CA992E424681631C6BAF315 /* [CP] Check Pods Manifest.lock */ = {
			isa = PBXShellScriptBuildPhase;
			buildActionMask = 2147483647;
			files = (
			);
			inputFileListPaths = (
			);
			inputPaths = (
				"${PODS_PODFILE_DIR_PATH}/Podfile.lock",
				"${PODS_ROOT}/Manifest.lock",
			);
			name = "[CP] Check Pods Manifest.lock";
			outputFileListPaths = (
			);
			outputPaths = (
				"$(DERIVED_FILE_DIR)/Pods-Chofy App-checkManifestLockResult.txt",
			);
			runOnlyForDeploymentPostprocessing = 0;
			shellPath = /bin/sh;
			shellScript = "diff \"${PODS_PODFILE_DIR_PATH}/Podfile.lock\" \"${PODS_ROOT}/Manifest.lock\" > /dev/null\nif [ $? != 0 ] ; then\n    # print error to STDERR\n    echo \"error: The sandbox is not in sync with the Podfile.lock. Run 'pod install' or update your CocoaPods installation.\" >&2\n    exit 1\nfi\n# This output is used by Xcode 'outputs' to avoid re-running this script phase.\necho \"SUCCESS\" > \"${SCRIPT_OUTPUT_FILE_0}\"\n";
			showEnvVarsInLog = 0;
		};
		E7774BD0D716948BFF8DBF05 /* [CP] Copy Pods Resources */ = {
			isa = PBXShellScriptBuildPhase;
			buildActionMask = 2147483647;
			files = (
			);
			inputFileListPaths = (
				"${PODS_ROOT}/Target Support Files/Pods-Chofy App/Pods-Chofy App-resources-${CONFIGURATION}-input-files.xcfilelist",
			);
			name = "[CP] Copy Pods Resources";
			outputFileListPaths = (
				"${PODS_ROOT}/Target Support Files/Pods-Chofy App/Pods-Chofy App-resources-${CONFIGURATION}-output-files.xcfilelist",
			);
			runOnlyForDeploymentPostprocessing = 0;
			shellPath = /bin/sh;
			shellScript = "\"${PODS_ROOT}/Target Support Files/Pods-Chofy App/Pods-Chofy App-resources.sh\"\n";
			showEnvVarsInLog = 0;
		};
/* End PBXShellScriptBuildPhase section */

/* Begin PBXSourcesBuildPhase section */
		26FC45452628918600FF4C43 /* Sources */ = {
			isa = PBXSourcesBuildPhase;
			buildActionMask = 2147483647;
			files = (
				26FC45512628918600FF4C43 /* ViewController.swift in Sources */,
				26FC454D2628918600FF4C43 /* AppDelegate.swift in Sources */,
				26FC454F2628918600FF4C43 /* SceneDelegate.swift in Sources */,
			);
			runOnlyForDeploymentPostprocessing = 0;
		};
/* End PBXSourcesBuildPhase section */

/* Begin PBXVariantGroup section */
		26FC45522628918600FF4C43 /* Main.storyboard */ = {
			isa = PBXVariantGroup;
			children = (
				26FC45532628918600FF4C43 /* Base */,
			);
			name = Main.storyboard;
			sourceTree = "<group>";
		};
		26FC45572628918900FF4C43 /* LaunchScreen.storyboard */ = {
			isa = PBXVariantGroup;
			children = (
				26FC45582628918900FF4C43 /* Base */,
			);
			name = LaunchScreen.storyboard;
			sourceTree = "<group>";
		};
/* End PBXVariantGroup section */

/* Begin XCBuildConfiguration section */
		26FC455B2628918900FF4C43 /* Debug */ = {
			isa = XCBuildConfiguration;
			buildSettings = {
				ALWAYS_SEARCH_USER_PATHS = NO;
				CLANG_ANALYZER_NONNULL = YES;
				CLANG_ANALYZER_NUMBER_OBJECT_CONVERSION = YES_AGGRESSIVE;
				CLANG_CXX_LANGUAGE_STANDARD = "gnu++14";
				CLANG_CXX_LIBRARY = "libc++";
				CLANG_ENABLE_MODULES = YES;
				CLANG_ENABLE_OBJC_ARC = YES;
				CLANG_ENABLE_OBJC_WEAK = YES;
				CLANG_WARN_BLOCK_CAPTURE_AUTORELEASING = YES;
				CLANG_WARN_BOOL_CONVERSION = YES;
				CLANG_WARN_COMMA = YES;
				CLANG_WARN_CONSTANT_CONVERSION = YES;
				CLANG_WARN_DEPRECATED_OBJC_IMPLEMENTATIONS = YES;
				CLANG_WARN_DIRECT_OBJC_ISA_USAGE = YES_ERROR;
				CLANG_WARN_DOCUMENTATION_COMMENTS = YES;
				CLANG_WARN_EMPTY_BODY = YES;
				CLANG_WARN_ENUM_CONVERSION = YES;
				CLANG_WARN_INFINITE_RECURSION = YES;
				CLANG_WARN_INT_CONVERSION = YES;
				CLANG_WARN_NON_LITERAL_NULL_CONVERSION = YES;
				CLANG_WARN_OBJC_IMPLICIT_RETAIN_SELF = YES;
				CLANG_WARN_OBJC_LITERAL_CONVERSION = YES;
				CLANG_WARN_OBJC_ROOT_CLASS = YES_ERROR;
				CLANG_WARN_QUOTED_INCLUDE_IN_FRAMEWORK_HEADER = YES;
				CLANG_WARN_RANGE_LOOP_ANALYSIS = YES;
				CLANG_WARN_STRICT_PROTOTYPES = YES;
				CLANG_WARN_SUSPICIOUS_MOVE = YES;
				CLANG_WARN_UNGUARDED_AVAILABILITY = YES_AGGRESSIVE;
				CLANG_WARN_UNREACHABLE_CODE = YES;
				CLANG_WARN__DUPLICATE_METHOD_MATCH = YES;
				COPY_PHASE_STRIP = NO;
				DEBUG_INFORMATION_FORMAT = dwarf;
				ENABLE_STRICT_OBJC_MSGSEND = YES;
				ENABLE_TESTABILITY = YES;
				GCC_C_LANGUAGE_STANDARD = gnu11;
				GCC_DYNAMIC_NO_PIC = NO;
				GCC_NO_COMMON_BLOCKS = YES;
				GCC_OPTIMIZATION_LEVEL = 0;
				GCC_PREPROCESSOR_DEFINITIONS = (
					"DEBUG=1",
					"$(inherited)",
				);
				GCC_WARN_64_TO_32_BIT_CONVERSION = YES;
				GCC_WARN_ABOUT_RETURN_TYPE = YES_ERROR;
				GCC_WARN_UNDECLARED_SELECTOR = YES;
				GCC_WARN_UNINITIALIZED_AUTOS = YES_AGGRESSIVE;
				GCC_WARN_UNUSED_FUNCTION = YES;
				GCC_WARN_UNUSED_VARIABLE = YES;
				IPHONEOS_DEPLOYMENT_TARGET = 11.0;
				MTL_ENABLE_DEBUG_INFO = INCLUDE_SOURCE;
				MTL_FAST_MATH = YES;
				ONLY_ACTIVE_ARCH = YES;
				SDKROOT = iphoneos;
				SWIFT_ACTIVE_COMPILATION_CONDITIONS = DEBUG;
				SWIFT_OPTIMIZATION_LEVEL = "-Onone";
			};
			name = Debug;
		};
		26FC455C2628918900FF4C43 /* Release */ = {
			isa = XCBuildConfiguration;
			buildSettings = {
				ALWAYS_SEARCH_USER_PATHS = NO;
				CLANG_ANALYZER_NONNULL = YES;
				CLANG_ANALYZER_NUMBER_OBJECT_CONVERSION = YES_AGGRESSIVE;
				CLANG_CXX_LANGUAGE_STANDARD = "gnu++14";
				CLANG_CXX_LIBRARY = "libc++";
				CLANG_ENABLE_MODULES = YES;
				CLANG_ENABLE_OBJC_ARC = YES;
				CLANG_ENABLE_OBJC_WEAK = YES;
				CLANG_WARN_BLOCK_CAPTURE_AUTORELEASING = YES;
				CLANG_WARN_BOOL_CONVERSION = YES;
				CLANG_WARN_COMMA = YES;
				CLANG_WARN_CONSTANT_CONVERSION = YES;
				CLANG_WARN_DEPRECATED_OBJC_IMPLEMENTATIONS = YES;
				CLANG_WARN_DIRECT_OBJC_ISA_USAGE = YES_ERROR;
				CLANG_WARN_DOCUMENTATION_COMMENTS = YES;
				CLANG_WARN_EMPTY_BODY = YES;
				CLANG_WARN_ENUM_CONVERSION = YES;
				CLANG_WARN_INFINITE_RECURSION = YES;
				CLANG_WARN_INT_CONVERSION = YES;
				CLANG_WARN_NON_LITERAL_NULL_CONVERSION = YES;
				CLANG_WARN_OBJC_IMPLICIT_RETAIN_SELF = YES;
				CLANG_WARN_OBJC_LITERAL_CONVERSION = YES;
				CLANG_WARN_OBJC_ROOT_CLASS = YES_ERROR;
				CLANG_WARN_QUOTED_INCLUDE_IN_FRAMEWORK_HEADER = YES;
				CLANG_WARN_RANGE_LOOP_ANALYSIS = YES;
				CLANG_WARN_STRICT_PROTOTYPES = YES;
				CLANG_WARN_SUSPICIOUS_MOVE = YES;
				CLANG_WARN_UNGUARDED_AVAILABILITY = YES_AGGRESSIVE;
				CLANG_WARN_UNREACHABLE_CODE = YES;
				CLANG_WARN__DUPLICATE_METHOD_MATCH = YES;
				COPY_PHASE_STRIP = NO;
				DEBUG_INFORMATION_FORMAT = "dwarf-with-dsym";
				ENABLE_NS_ASSERTIONS = NO;
				ENABLE_STRICT_OBJC_MSGSEND = YES;
				GCC_C_LANGUAGE_STANDARD = gnu11;
				GCC_NO_COMMON_BLOCKS = YES;
				GCC_WARN_64_TO_32_BIT_CONVERSION = YES;
				GCC_WARN_ABOUT_RETURN_TYPE = YES_ERROR;
				GCC_WARN_UNDECLARED_SELECTOR = YES;
				GCC_WARN_UNINITIALIZED_AUTOS = YES_AGGRESSIVE;
				GCC_WARN_UNUSED_FUNCTION = YES;
				GCC_WARN_UNUSED_VARIABLE = YES;
				IPHONEOS_DEPLOYMENT_TARGET = 11.0;
				MTL_ENABLE_DEBUG_INFO = NO;
				MTL_FAST_MATH = YES;
				SDKROOT = iphoneos;
				SWIFT_COMPILATION_MODE = wholemodule;
				SWIFT_OPTIMIZATION_LEVEL = "-O";
				VALIDATE_PRODUCT = YES;
			};
			name = Release;
		};
		26FC455E2628918900FF4C43 /* Debug */ = {
			isa = XCBuildConfiguration;
			baseConfigurationReference = 174131D1583BAACD304C589B /* Pods-Chofy App.debug.xcconfig */;
			buildSettings = {
				ASSETCATALOG_COMPILER_APPICON_NAME = AppIcon;
				ASSETCATALOG_COMPILER_GLOBAL_ACCENT_COLOR_NAME = AccentColor;
				CODE_SIGN_STYLE = Automatic;
				DEVELOPMENT_TEAM = 253N693A8R;
				INFOPLIST_FILE = "Chofy App/Info.plist";
				IPHONEOS_DEPLOYMENT_TARGET = 11.0;
				LD_RUNPATH_SEARCH_PATHS = (
					"$(inherited)",
					"@executable_path/Frameworks",
				);
				PRODUCT_BUNDLE_IDENTIFIER = "com.chofy.Chofy-App";
				PRODUCT_NAME = "$(TARGET_NAME)";
				SWIFT_VERSION = 5.0;
				TARGETED_DEVICE_FAMILY = "1,2";
			};
			name = Debug;
		};
		26FC455F2628918900FF4C43 /* Release */ = {
			isa = XCBuildConfiguration;
			baseConfigurationReference = 691BAB587ECBCCCB077B4B0C /* Pods-Chofy App.release.xcconfig */;
			buildSettings = {
				ASSETCATALOG_COMPILER_APPICON_NAME = AppIcon;
				ASSETCATALOG_COMPILER_GLOBAL_ACCENT_COLOR_NAME = AccentColor;
				CODE_SIGN_STYLE = Automatic;
				DEVELOPMENT_TEAM = 253N693A8R;
				INFOPLIST_FILE = "Chofy App/Info.plist";
				IPHONEOS_DEPLOYMENT_TARGET = 11.0;
				LD_RUNPATH_SEARCH_PATHS = (
					"$(inherited)",
					"@executable_path/Frameworks",
				);
				PRODUCT_BUNDLE_IDENTIFIER = "com.chofy.Chofy-App";
				PRODUCT_NAME = "$(TARGET_NAME)";
				SWIFT_VERSION = 5.0;
				TARGETED_DEVICE_FAMILY = "1,2";
			};
			name = Release;
		};
/* End XCBuildConfiguration section */

/* Begin XCConfigurationList section */
		26FC45442628918600FF4C43 /* Build configuration list for PBXProject "Chofy App" */ = {
			isa = XCConfigurationList;
			buildConfigurations = (
				26FC455B2628918900FF4C43 /* Debug */,
				26FC455C2628918900FF4C43 /* Release */,
			);
			defaultConfigurationIsVisible = 0;
			defaultConfigurationName = Release;
		};
		26FC455D2628918900FF4C43 /* Build configuration list for PBXNativeTarget "Chofy App" */ = {
			isa = XCConfigurationList;
			buildConfigurations = (
				26FC455E2628918900FF4C43 /* Debug */,
				26FC455F2628918900FF4C43 /* Release */,
			);
			defaultConfigurationIsVisible = 0;
			defaultConfigurationName = Release;
		};
/* End XCConfigurationList section */
	};
	rootObject = 26FC45412628918600FF4C43 /* Project object */;
}
